
Microsoft Visual Studio Solution File, Format Version 12.00
# Visual Studio Version 17
VisualStudioVersion = 17.6.33829.357
MinimumVisualStudioVersion = 10.0.40219.1
Project("{FAE04EC0-301F-11D3-BF4B-00C04F79EFBC}") = "Donguler4", "Donguler4\Donguler4.csproj", "{9548EBCA-3D16-45A8-AE82-7C6097D05147}"
EndProject
Global
	GlobalSection(SolutionConfigurationPlatforms) = preSolution
		Debug|Any CPU = Debug|Any CPU
		Release|Any CPU = Release|Any CPU
	EndGlobalSection
	GlobalSection(ProjectConfigurationPlatforms) = postSolution
		{9548EBCA-3D16-45A8-AE82-7C6097D05147}.Debug|Any CPU.ActiveCfg = Debug|Any CPU
		{9548EBCA-3D16-45A8-AE82-7C6097D05147}.Debug|Any CPU.Build.0 = Debug|Any CPU
		{9548EBCA-3D16-45A8-AE82-7C6097D05147}.Release|Any CPU.ActiveCfg = Release|Any CPU
		{9548EBCA-3D16-45A8-AE82-7C6097D05147}.Release|Any CPU.Build.0 = Release|Any CPU
	EndGlobalSection
	GlobalSection(SolutionProperties) = preSolution
		HideSolutionNode = FALSE
	EndGlobalSection
	GlobalSection(ExtensibilityGlobals) = postSolution
		SolutionGuid = {5A912B69-2504-4192-BFD2-8C743D76CC8F}
	EndGlobalSection
EndGlobal
